// !$*UTF8*$!
{
	archiveVersion = 1;
	classes = {
	};
	objectVersion = 50;
	objects = {

/* Begin PBXBuildFile section */
		FA7ED0D126A6377F00584D10 /* AppDelegate.swift in Sources */ = {isa = PBXBuildFile; fileRef = FA7ED0D026A6377F00584D10 /* AppDelegate.swift */; };
		FA7ED0DA26A6378200584D10 /* Assets.xcassets in Resources */ = {isa = PBXBuildFile; fileRef = FA7ED0D926A6378200584D10 /* Assets.xcassets */; };
		FA7ED0DD26A6378200584D10 /* LaunchScreen.storyboard in Resources */ = {isa = PBXBuildFile; fileRef = FA7ED0DB26A6378200584D10 /* LaunchScreen.storyboard */; };
		FA7ED0EB26A638B400584D10 /* MainViewController.swift in Sources */ = {isa = PBXBuildFile; fileRef = FA7ED0E926A638B400584D10 /* MainViewController.swift */; };
		FA7ED0EC26A638B400584D10 /* MainViewController.xib in Resources */ = {isa = PBXBuildFile; fileRef = FA7ED0EA26A638B400584D10 /* MainViewController.xib */; };
		FA7ED0F826A6413400584D10 /* HomeViewController.swift in Sources */ = {isa = PBXBuildFile; fileRef = FA7ED0F626A6413400584D10 /* HomeViewController.swift */; };
		FA7ED0F926A6413400584D10 /* HomeViewController.xib in Resources */ = {isa = PBXBuildFile; fileRef = FA7ED0F726A6413400584D10 /* HomeViewController.xib */; };
/* End PBXBuildFile section */

/* Begin PBXFileReference section */
		FA7ED0CD26A6377F00584D10 /* Life-Cycle.app */ = {isa = PBXFileReference; explicitFileType = wrapper.application; includeInIndex = 0; path = "Life-Cycle.app"; sourceTree = BUILT_PRODUCTS_DIR; };
		FA7ED0D026A6377F00584D10 /* AppDelegate.swift */ = {isa = PBXFileReference; lastKnownFileType = sourcecode.swift; path = AppDelegate.swift; sourceTree = "<group>"; };
		FA7ED0D926A6378200584D10 /* Assets.xcassets */ = {isa = PBXFileReference; lastKnownFileType = folder.assetcatalog; path = Assets.xcassets; sourceTree = "<group>"; };
		FA7ED0DC26A6378200584D10 /* Base */ = {isa = PBXFileReference; lastKnownFileType = file.storyboard; name = Base; path = Base.lproj/LaunchScreen.storyboard; sourceTree = "<group>"; };
		FA7ED0DE26A6378200584D10 /* Info.plist */ = {isa = PBXFileReference; lastKnownFileType = text.plist.xml; name = Info.plist; path = "Life-Cycle/Supporting Files/Info.plist"; sourceTree = SOURCE_ROOT; };
		FA7ED0E926A638B400584D10 /* MainViewController.swift */ = {isa = PBXFileReference; lastKnownFileType = sourcecode.swift; path = MainViewController.swift; sourceTree = "<group>"; };
		FA7ED0EA26A638B400584D10 /* MainViewController.xib */ = {isa = PBXFileReference; lastKnownFileType = file.xib; path = MainViewController.xib; sourceTree = "<group>"; };
		FA7ED0F626A6413400584D10 /* HomeViewController.swift */ = {isa = PBXFileReference; lastKnownFileType = sourcecode.swift; path = HomeViewController.swift; sourceTree = "<group>"; };
		FA7ED0F726A6413400584D10 /* HomeViewController.xib */ = {isa = PBXFileReference; lastKnownFileType = file.xib; path = HomeViewController.xib; sourceTree = "<group>"; };
/* End PBXFileReference section */

/* Begin PBXFrameworksBuildPhase section */
		FA7ED0CA26A6377F00584D10 /* Frameworks */ = {
			isa = PBXFrameworksBuildPhase;
			buildActionMask = 2147483647;
			files = (
			);
			runOnlyForDeploymentPostprocessing = 0;
		};
/* End PBXFrameworksBuildPhase section */

/* Begin PBXGroup section */
		FA7ED0C426A6377F00584D10 = {
			isa = PBXGroup;
			children = (
				FA7ED0CF26A6377F00584D10 /* Life-Cycle */,
				FA7ED0CE26A6377F00584D10 /* Products */,
			);
			sourceTree = "<group>";
		};
		FA7ED0CE26A6377F00584D10 /* Products */ = {
			isa = PBXGroup;
			children = (
				FA7ED0CD26A6377F00584D10 /* Life-Cycle.app */,
			);
			name = Products;
			sourceTree = "<group>";
		};
		FA7ED0CF26A6377F00584D10 /* Life-Cycle */ = {
			isa = PBXGroup;
			children = (
				FA7ED0D026A6377F00584D10 /* AppDelegate.swift */,
				FA7ED0E526A6385C00584D10 /* View */,
				FA7ED0E626A6386100584D10 /* Controller */,
				FA7ED0E426A6382300584D10 /* Supporting Files */,
				FA7ED0D926A6378200584D10 /* Assets.xcassets */,
			);
			path = "Life-Cycle";
			sourceTree = "<group>";
		};
		FA7ED0E426A6382300584D10 /* Supporting Files */ = {
			isa = PBXGroup;
			children = (
				FA7ED0DE26A6378200584D10 /* Info.plist */,
			);
			path = "Supporting Files";
			sourceTree = "<group>";
		};
		FA7ED0E526A6385C00584D10 /* View */ = {
			isa = PBXGroup;
			children = (
				FA7ED0EE26A63AC100584D10 /* Home */,
				FA7ED0E826A6389A00584D10 /* Main */,
				FA7ED0E726A6387600584D10 /* Launch */,
			);
			path = View;
			sourceTree = "<group>";
		};
		FA7ED0E626A6386100584D10 /* Controller */ = {
			isa = PBXGroup;
			children = (
				FA7ED0F326A63AE100584D10 /* Home */,
				FA7ED0ED26A638C200584D10 /* Main */,
			);
			path = Controller;
			sourceTree = "<group>";
		};
		FA7ED0E726A6387600584D10 /* Launch */ = {
			isa = PBXGroup;
			children = (
				FA7ED0DB26A6378200584D10 /* LaunchScreen.storyboard */,
			);
			path = Launch;
			sourceTree = "<group>";
		};
		FA7ED0E826A6389A00584D10 /* Main */ = {
			isa = PBXGroup;
			children = (
				FA7ED0EA26A638B400584D10 /* MainViewController.xib */,
			);
			path = Main;
			sourceTree = "<group>";
		};
		FA7ED0ED26A638C200584D10 /* Main */ = {
			isa = PBXGroup;
			children = (
				FA7ED0E926A638B400584D10 /* MainViewController.swift */,
			);
			path = Main;
			sourceTree = "<group>";
		};
		FA7ED0EE26A63AC100584D10 /* Home */ = {
			isa = PBXGroup;
			children = (
				FA7ED0F726A6413400584D10 /* HomeViewController.xib */,
			);
			path = Home;
			sourceTree = "<group>";
		};
		FA7ED0F326A63AE100584D10 /* Home */ = {
			isa = PBXGroup;
			children = (
				FA7ED0F626A6413400584D10 /* HomeViewController.swift */,
			);
			path = Home;
			sourceTree = "<group>";
		};
/* End PBXGroup section */

/* Begin PBXNativeTarget section */
		FA7ED0CC26A6377F00584D10 /* Life-Cycle */ = {
			isa = PBXNativeTarget;
			buildConfigurationList = FA7ED0E126A6378200584D10 /* Build configuration list for PBXNativeTarget "Life-Cycle" */;
			buildPhases = (
				FA7ED0C926A6377F00584D10 /* Sources */,
				FA7ED0CA26A6377F00584D10 /* Frameworks */,
				FA7ED0CB26A6377F00584D10 /* Resources */,
			);
			buildRules = (
			);
			dependencies = (
			);
			name = "Life-Cycle";
			productName = "Life-Cycle";
			productReference = FA7ED0CD26A6377F00584D10 /* Life-Cycle.app */;
			productType = "com.apple.product-type.application";
		};
/* End PBXNativeTarget section */

/* Begin PBXProject section */
		FA7ED0C526A6377F00584D10 /* Project object */ = {
			isa = PBXProject;
			attributes = {
				LastSwiftUpdateCheck = 1250;
				LastUpgradeCheck = 1250;
				TargetAttributes = {
					FA7ED0CC26A6377F00584D10 = {
						CreatedOnToolsVersion = 12.5.1;
					};
				};
			};
			buildConfigurationList = FA7ED0C826A6377F00584D10 /* Build configuration list for PBXProject "Life-Cycle" */;
			compatibilityVersion = "Xcode 9.3";
			developmentRegion = en;
			hasScannedForEncodings = 0;
			knownRegions = (
				en,
				Base,
			);
			mainGroup = FA7ED0C426A6377F00584D10;
			productRefGroup = FA7ED0CE26A6377F00584D10 /* Products */;
			projectDirPath = "";
			projectRoot = "";
			targets = (
				FA7ED0CC26A6377F00584D10 /* Life-Cycle */,
			);
		};
/* End PBXProject section */

/* Begin PBXResourcesBuildPhase section */
		FA7ED0CB26A6377F00584D10 /* Resources */ = {
			isa = PBXResourcesBuildPhase;
			buildActionMask = 2147483647;
			files = (
				FA7ED0DD26A6378200584D10 /* LaunchScreen.storyboard in Resources */,
				FA7ED0EC26A638B400584D10 /* MainViewController.xib in Resources */,
				FA7ED0DA26A6378200584D10 /* Assets.xcassets in Resources */,
				FA7ED0F926A6413400584D10 /* HomeViewController.xib in Resources */,
			);
			runOnlyForDeploymentPostprocessing = 0;
		};
/* End PBXResourcesBuildPhase section */

/* Begin PBXSourcesBuildPhase section */
		FA7ED0C926A6377F00584D10 /* Sources */ = {
			isa = PBXSourcesBuildPhase;
			buildActionMask = 2147483647;
			files = (
				FA7ED0EB26A638B400584D10 /* MainViewController.swift in Sources */,
				FA7ED0D126A6377F00584D10 /* AppDelegate.swift in Sources */,
				FA7ED0F826A6413400584D10 /* HomeViewController.swift in Sources */,
			);
			runOnlyForDeploymentPostprocessing = 0;
		};
/* End PBXSourcesBuildPhase section */

/* Begin PBXVariantGroup section */
		FA7ED0DB26A6378200584D10 /* LaunchScreen.storyboard */ = {
			isa = PBXVariantGroup;
			children = (
				FA7ED0DC26A6378200584D10 /* Base */,
			);
			name = LaunchScreen.storyboard;
			sourceTree = "<group>";
		};
/* End PBXVariantGroup section */

/* Begin XCBuildConfiguration section */
		FA7ED0DF26A6378200584D10 /* Debug */ = {
			isa = XCBuildConfiguration;
			buildSettings = {
				ALWAYS_SEARCH_USER_PATHS = NO;
				CLANG_ANALYZER_NONNULL = YES;
				CLANG_ANALYZER_NUMBER_OBJECT_CONVERSION = YES_AGGRESSIVE;
				CLANG_CXX_LANGUAGE_STANDARD = "gnu++14";
				CLANG_CXX_LIBRARY = "libc++";
				CLANG_ENABLE_MODULES = YES;
				CLANG_ENABLE_OBJC_ARC = YES;
				CLANG_ENABLE_OBJC_WEAK = YES;
				CLANG_WARN_BLOCK_CAPTURE_AUTORELEASING = YES;
				CLANG_WARN_BOOL_CONVERSION = YES;
				CLANG_WARN_COMMA = YES;
				CLANG_WARN_CONSTANT_CONVERSION = YES;
				CLANG_WARN_DEPRECATED_OBJC_IMPLEMENTATIONS = YES;
				CLANG_WARN_DIRECT_OBJC_ISA_USAGE = YES_ERROR;
				CLANG_WARN_DOCUMENTATION_COMMENTS = YES;
				CLANG_WARN_EMPTY_BODY = YES;
				CLANG_WARN_ENUM_CONVERSION = YES;
				CLANG_WARN_INFINITE_RECURSION = YES;
				CLANG_WARN_INT_CONVERSION = YES;
				CLANG_WARN_NON_LITERAL_NULL_CONVERSION = YES;
				CLANG_WARN_OBJC_IMPLICIT_RETAIN_SELF = YES;
				CLANG_WARN_OBJC_LITERAL_CONVERSION = YES;
				CLANG_WARN_OBJC_ROOT_CLASS = YES_ERROR;
				CLANG_WARN_QUOTED_INCLUDE_IN_FRAMEWORK_HEADER = YES;
				CLANG_WARN_RANGE_LOOP_ANALYSIS = YES;
				CLANG_WARN_STRICT_PROTOTYPES = YES;
				CLANG_WARN_SUSPICIOUS_MOVE = YES;
				CLANG_WARN_UNGUARDED_AVAILABILITY = YES_AGGRESSIVE;
				CLANG_WARN_UNREACHABLE_CODE = YES;
				CLANG_WARN__DUPLICATE_METHOD_MATCH = YES;
				COPY_PHASE_STRIP = NO;
				DEBUG_INFORMATION_FORMAT = dwarf;
				ENABLE_STRICT_OBJC_MSGSEND = YES;
				ENABLE_TESTABILITY = YES;
				GCC_C_LANGUAGE_STANDARD = gnu11;
				GCC_DYNAMIC_NO_PIC = NO;
				GCC_NO_COMMON_BLOCKS = YES;
				GCC_OPTIMIZATION_LEVEL = 0;
				GCC_PREPROCESSOR_DEFINITIONS = (
					"DEBUG=1",
					"$(inherited)",
				);
				GCC_WARN_64_TO_32_BIT_CONVERSION = YES;
				GCC_WARN_ABOUT_RETURN_TYPE = YES_ERROR;
				GCC_WARN_UNDECLARED_SELECTOR = YES;
				GCC_WARN_UNINITIALIZED_AUTOS = YES_AGGRESSIVE;
				GCC_WARN_UNUSED_FUNCTION = YES;
				GCC_WARN_UNUSED_VARIABLE = YES;
				IPHONEOS_DEPLOYMENT_TARGET = 14.5;
				MTL_ENABLE_DEBUG_INFO = INCLUDE_SOURCE;
				MTL_FAST_MATH = YES;
				ONLY_ACTIVE_ARCH = YES;
				SDKROOT = iphoneos;
				SWIFT_ACTIVE_COMPILATION_CONDITIONS = DEBUG;
				SWIFT_OPTIMIZATION_LEVEL = "-Onone";
			};
			name = Debug;
		};
		FA7ED0E026A6378200584D10 /* Release */ = {
			isa = XCBuildConfiguration;
			buildSettings = {
				ALWAYS_SEARCH_USER_PATHS = NO;
				CLANG_ANALYZER_NONNULL = YES;
				CLANG_ANALYZER_NUMBER_OBJECT_CONVERSION = YES_AGGRESSIVE;
				CLANG_CXX_LANGUAGE_STANDARD = "gnu++14";
				CLANG_CXX_LIBRARY = "libc++";
				CLANG_ENABLE_MODULES = YES;
				CLANG_ENABLE_OBJC_ARC = YES;
				CLANG_ENABLE_OBJC_WEAK = YES;
				CLANG_WARN_BLOCK_CAPTURE_AUTORELEASING = YES;
				CLANG_WARN_BOOL_CONVERSION = YES;
				CLANG_WARN_COMMA = YES;
				CLANG_WARN_CONSTANT_CONVERSION = YES;
				CLANG_WARN_DEPRECATED_OBJC_IMPLEMENTATIONS = YES;
				CLANG_WARN_DIRECT_OBJC_ISA_USAGE = YES_ERROR;
				CLANG_WARN_DOCUMENTATION_COMMENTS = YES;
				CLANG_WARN_EMPTY_BODY = YES;
				CLANG_WARN_ENUM_CONVERSION = YES;
				CLANG_WARN_INFINITE_RECURSION = YES;
				CLANG_WARN_INT_CONVERSION = YES;
				CLANG_WARN_NON_LITERAL_NULL_CONVERSION = YES;
				CLANG_WARN_OBJC_IMPLICIT_RETAIN_SELF = YES;
				CLANG_WARN_OBJC_LITERAL_CONVERSION = YES;
				CLANG_WARN_OBJC_ROOT_CLASS = YES_ERROR;
				CLANG_WARN_QUOTED_INCLUDE_IN_FRAMEWORK_HEADER = YES;
				CLANG_WARN_RANGE_LOOP_ANALYSIS = YES;
				CLANG_WARN_STRICT_PROTOTYPES = YES;
				CLANG_WARN_SUSPICIOUS_MOVE = YES;
				CLANG_WARN_UNGUARDED_AVAILABILITY = YES_AGGRESSIVE;
				CLANG_WARN_UNREACHABLE_CODE = YES;
				CLANG_WARN__DUPLICATE_METHOD_MATCH = YES;
				COPY_PHASE_STRIP = NO;
				DEBUG_INFORMATION_FORMAT = "dwarf-with-dsym";
				ENABLE_NS_ASSERTIONS = NO;
				ENABLE_STRICT_OBJC_MSGSEND = YES;
				GCC_C_LANGUAGE_STANDARD = gnu11;
				GCC_NO_COMMON_BLOCKS = YES;
				GCC_WARN_64_TO_32_BIT_CONVERSION = YES;
				GCC_WARN_ABOUT_RETURN_TYPE = YES_ERROR;
				GCC_WARN_UNDECLARED_SELECTOR = YES;
				GCC_WARN_UNINITIALIZED_AUTOS = YES_AGGRESSIVE;
				GCC_WARN_UNUSED_FUNCTION = YES;
				GCC_WARN_UNUSED_VARIABLE = YES;
				IPHONEOS_DEPLOYMENT_TARGET = 14.5;
				MTL_ENABLE_DEBUG_INFO = NO;
				MTL_FAST_MATH = YES;
				SDKROOT = iphoneos;
				SWIFT_COMPILATION_MODE = wholemodule;
				SWIFT_OPTIMIZATION_LEVEL = "-O";
				VALIDATE_PRODUCT = YES;
			};
			name = Release;
		};
		FA7ED0E226A6378200584D10 /* Debug */ = {
			isa = XCBuildConfiguration;
			buildSettings = {
				ASSETCATALOG_COMPILER_APPICON_NAME = AppIcon;
				ASSETCATALOG_COMPILER_GLOBAL_ACCENT_COLOR_NAME = AccentColor;
				CODE_SIGN_STYLE = Automatic;
				INFOPLIST_FILE = "Life-Cycle/Supporting Files/Info.plist";
				IPHONEOS_DEPLOYMENT_TARGET = 10.0;
				LD_RUNPATH_SEARCH_PATHS = (
					"$(inherited)",
					"@executable_path/Frameworks",
				);
				PRODUCT_BUNDLE_IDENTIFIER = "com.iherrera.life-cycle.Life-Cycle";
				PRODUCT_NAME = "$(TARGET_NAME)";
				SWIFT_VERSION = 5.0;
				TARGETED_DEVICE_FAMILY = 1;
			};
			name = Debug;
		};
		FA7ED0E326A6378200584D10 /* Release */ = {
			isa = XCBuildConfiguration;
			buildSettings = {
				ASSETCATALOG_COMPILER_APPICON_NAME = AppIcon;
				ASSETCATALOG_COMPILER_GLOBAL_ACCENT_COLOR_NAME = AccentColor;
				CODE_SIGN_STYLE = Automatic;
				INFOPLIST_FILE = "Life-Cycle/Supporting Files/Info.plist";
				IPHONEOS_DEPLOYMENT_TARGET = 10.0;
				LD_RUNPATH_SEARCH_PATHS = (
					"$(inherited)",
					"@executable_path/Frameworks",
				);
				PRODUCT_BUNDLE_IDENTIFIER = "com.iherrera.life-cycle.Life-Cycle";
				PRODUCT_NAME = "$(TARGET_NAME)";
				SWIFT_VERSION = 5.0;
				TARGETED_DEVICE_FAMILY = 1;
			};
			name = Release;
		};
/* End XCBuildConfiguration section */

/* Begin XCConfigurationList section */
		FA7ED0C826A6377F00584D10 /* Build configuration list for PBXProject "Life-Cycle" */ = {
			isa = XCConfigurationList;
			buildConfigurations = (
				FA7ED0DF26A6378200584D10 /* Debug */,
				FA7ED0E026A6378200584D10 /* Release */,
			);
			defaultConfigurationIsVisible = 0;
			defaultConfigurationName = Release;
		};
		FA7ED0E126A6378200584D10 /* Build configuration list for PBXNativeTarget "Life-Cycle" */ = {
			isa = XCConfigurationList;
			buildConfigurations = (
				FA7ED0E226A6378200584D10 /* Debug */,
				FA7ED0E326A6378200584D10 /* Release */,
			);
			defaultConfigurationIsVisible = 0;
			defaultConfigurationName = Release;
		};
/* End XCConfigurationList section */
	};
	rootObject = FA7ED0C526A6377F00584D10 /* Project object */;
}
